
Microsoft Visual Studio Solution File, Format Version 12.00
# Visual Studio Version 16
VisualStudioVersion = 16.0.31515.178
MinimumVisualStudioVersion = 10.0.40219.1
Project("{FAE04EC0-301F-11D3-BF4B-00C04F79EFBC}") = "ProjetoContabilidade", "ProjetoContabilidade\ProjetoContabilidade.csproj", "{92C9E5EE-5BDE-4CA7-A9F5-B8809D82135B}"
EndProject
Global
	GlobalSection(SolutionConfigurationPlatforms) = preSolution
		Debug|Any CPU = Debug|Any CPU
		Release|Any CPU = Release|Any CPU
	EndGlobalSection
	GlobalSection(ProjectConfigurationPlatforms) = postSolution
		{92C9E5EE-5BDE-4CA7-A9F5-B8809D82135B}.Debug|Any CPU.ActiveCfg = Debug|Any CPU
		{92C9E5EE-5BDE-4CA7-A9F5-B8809D82135B}.Debug|Any CPU.Build.0 = Debug|Any CPU
		{92C9E5EE-5BDE-4CA7-A9F5-B8809D82135B}.Release|Any CPU.ActiveCfg = Release|Any CPU
		{92C9E5EE-5BDE-4CA7-A9F5-B8809D82135B}.Release|Any CPU.Build.0 = Release|Any CPU
	EndGlobalSection
	GlobalSection(SolutionProperties) = preSolution
		HideSolutionNode = FALSE
	EndGlobalSection
	GlobalSection(ExtensibilityGlobals) = postSolution
		SolutionGuid = {7B833C9F-A78A-4300-85E0-AF4A1D8482DD}
	EndGlobalSection
EndGlobal
